<?xml version="1.0" encoding="utf-8"?>
<Project ToolsVersion="4.0" xmlns="http://schemas.microsoft.com/developer/msbuild/2003">
  <ItemGroup>
    <Filter Include="Source Files">
      <UniqueIdentifier>{4FC737F1-C7A5-4376-A066-2A32D752A2FF}</UniqueIdentifier>
      <Extensions>cpp;c;cc;cxx;def;odl;idl;hpj;bat;asm;asmx</Extensions>
    </Filter>
    <Filter Include="Header Files">
      <UniqueIdentifier>{93995380-89BD-4b04-88EB-625FBE52EBFB}</UniqueIdentifier>
      <Extensions>h;hh;hpp;hxx;hm;inl;inc;ipp;xsd</Extensions>
    </Filter>
    <Filter Include="Resource Files">
      <UniqueIdentifier>{67DA6AB6-F800-4c08-8B7A-83BB121AAD01}</UniqueIdentifier>
      <Extensions>rc;ico;cur;bmp;dlg;rc2;rct;bin;rgs;gif;jpg;jpeg;jpe;resx;tiff;tif;png;wav;mfcribbon-ms</Extensions>
    </Filter>
  </ItemGroup>
  <ItemGroup>
    <ClCompile Include="dllmain.cpp">
      <Filter>Source Files</Filter>
    </ClCompile>
    <ClCompile Include="Include\clipper.cpp">
      <Filter>Source Files</Filter>
    </ClCompile>
    <ClCompile Include="Include\xPrediction.cpp">
      <Filter>Source Files</Filter>
    </ClCompile>
    <ClCompile Include="Champions\Irelia\Irelia.cpp">
      <Filter>Source Files</Filter>
    </ClCompile>
    <ClCompile Include="Champions\Irelia\Modes\Irelia_Combo.cpp">
      <Filter>Source Files</Filter>
    </ClCompile>
    <ClCompile Include="Champions\Karthus\Karthus.cpp">
      <Filter>Source Files</Filter>
    </ClCompile>
  </ItemGroup>
  <ItemGroup>
    <ClInclude Include="Include\clipper.hpp">
      <Filter>Header Files</Filter>
    </ClInclude>
    <ClInclude Include="Include\Common.hpp">
      <Filter>Header Files</Filter>
    </ClInclude>
    <ClInclude Include="Include\Game.hpp">
      <Filter>Header Files</Filter>
    </ClInclude>
    <ClInclude Include="Include\GameObjects.hpp">
      <Filter>Header Files</Filter>
    </ClInclude>
    <ClInclude Include="Include\Geometry.hpp">
      <Filter>Header Files</Filter>
    </ClInclude>
    <ClInclude Include="Include\IControl.h">
      <Filter>Header Files</Filter>
    </ClInclude>
    <ClInclude Include="Include\IDamageLib.h">
      <Filter>Header Files</Filter>
    </ClInclude>
    <ClInclude Include="Include\IEntityManager.h">
      <Filter>Header Files</Filter>
    </ClInclude>
    <ClInclude Include="Include\IEventHandler.h">
      <Filter>Header Files</Filter>
    </ClInclude>
    <ClInclude Include="Include\IHealthPrediction.h">
      <Filter>Header Files</Filter>
    </ClInclude>
    <ClInclude Include="Include\Interface Structs.h">
      <Filter>Header Files</Filter>
    </ClInclude>
    <ClInclude Include="Include\Interruptible.hpp">
      <Filter>Header Files</Filter>
    </ClInclude>
    <ClInclude Include="Include\IOrbwalker.h">
      <Filter>Header Files</Filter>
    </ClInclude>
    <ClInclude Include="Include\IPrediction.h">
      <Filter>Header Files</Filter>
    </ClInclude>
    <ClInclude Include="Include\ITargetSelector.h">
      <Filter>Header Files</Filter>
    </ClInclude>
    <ClInclude Include="Include\ItemID.h">
      <Filter>Header Files</Filter>
    </ClInclude>
    <ClInclude Include="Include\KeyCodes.h">
      <Filter>Header Files</Filter>
    </ClInclude>
    <ClInclude Include="Include\Macros.hpp">
      <Filter>Header Files</Filter>
    </ClInclude>
    <ClInclude Include="Include\Menu.hpp">
      <Filter>Header Files</Filter>
    </ClInclude>
    <ClInclude Include="Include\Renderer.hpp">
      <Filter>Header Files</Filter>
    </ClInclude>
    <ClInclude Include="Include\SDK Extensions.h">
      <Filter>Header Files</Filter>
    </ClInclude>
    <ClInclude Include="Include\sdkapi.h">
      <Filter>Header Files</Filter>
    </ClInclude>
    <ClInclude Include="Include\Spell.hpp">
      <Filter>Header Files</Filter>
    </ClInclude>
    <ClInclude Include="Include\Vectors.hpp">
      <Filter>Header Files</Filter>
    </ClInclude>
    <ClInclude Include="Include\xPrediction.h">
      <Filter>Header Files</Filter>
    </ClInclude>
    <ClInclude Include="Champions\Irelia\Irelia.h">
      <Filter>Header Files</Filter>
    </ClInclude>
    <ClInclude Include="Champions\Irelia\Modes\Irelia_Combo.h">
      <Filter>Header Files</Filter>
    </ClInclude>
    <ClInclude Include="Champions\Karthus\Karthus.h">
      <Filter>Header Files</Filter>
    </ClInclude>
  </ItemGroup>
</Project>